<?xml version="1.0" encoding="utf-8"?>
<Project ToolsVersion="4.0" xmlns="http://schemas.microsoft.com/developer/msbuild/2003">
  <ItemGroup>
    <Filter Include="Source Files">
      <UniqueIdentifier>{4FC737F1-C7A5-4376-A066-2A32D752A2FF}</UniqueIdentifier>
      <Extensions>cpp;c;cc;cxx;c++;cppm;ixx;def;odl;idl;hpj;bat;asm;asmx</Extensions>
    </Filter>
    <Filter Include="Header Files">
      <UniqueIdentifier>{93995380-89BD-4b04-88EB-625FBE52EBFB}</UniqueIdentifier>
      <Extensions>h;hh;hpp;hxx;h++;hm;inl;inc;ipp;xsd</Extensions>
    </Filter>
    <Filter Include="Header Files\SDK">
      <UniqueIdentifier>{2cb531bb-db12-41bd-a161-1d4bf070dcef}</UniqueIdentifier>
    </Filter>
    <Filter Include="Header Files\util">
      <UniqueIdentifier>{aeeea381-0a9d-42b6-a456-a30e7d0f07b8}</UniqueIdentifier>
    </Filter>
    <Filter Include="Source Files\SDK">
      <UniqueIdentifier>{247ff052-69dc-4836-a9bb-84863292be72}</UniqueIdentifier>
    </Filter>
    <Filter Include="Source Files\util">
      <UniqueIdentifier>{bc8f3b50-19b8-4c00-8d6c-8d06329f0f40}</UniqueIdentifier>
    </Filter>
    <Filter Include="Header Files\SDK-Testfiles">
      <UniqueIdentifier>{4a1699e8-1f59-47a4-bab1-75a2cfd076f1}</UniqueIdentifier>
    </Filter>
    <Filter Include="Source Files\SDK-Testfiles">
      <UniqueIdentifier>{5fdc9240-78f9-44c1-97e1-0b5cbc409237}</UniqueIdentifier>
    </Filter>
  </ItemGroup>
  <ItemGroup>
    <ClInclude Include="Aimbot.h">
      <Filter>Header Files</Filter>
    </ClInclude>
    <ClInclude Include="client.h">
      <Filter>Header Files</Filter>
    </ClInclude>
    <ClInclude Include="AActor.h">
      <Filter>Header Files\SDK</Filter>
    </ClInclude>
    <ClInclude Include="AAthenaGameState.h">
      <Filter>Header Files\SDK</Filter>
    </ClInclude>
    <ClInclude Include="ACrewService.h">
      <Filter>Header Files\SDK</Filter>
    </ClInclude>
    <ClInclude Include="APawn.h">
      <Filter>Header Files\SDK</Filter>
    </ClInclude>
    <ClInclude Include="APlayerCameraManager.h">
      <Filter>Header Files\SDK</Filter>
    </ClInclude>
    <ClInclude Include="APlayerController.h">
      <Filter>Header Files\SDK</Filter>
    </ClInclude>
    <ClInclude Include="APlayerState.h">
      <Filter>Header Files\SDK</Filter>
    </ClInclude>
    <ClInclude Include="enums.h">
      <Filter>Header Files\SDK</Filter>
    </ClInclude>
    <ClInclude Include="FCrew.h">
      <Filter>Header Files\SDK</Filter>
    </ClInclude>
    <ClInclude Include="FGuid.h">
      <Filter>Header Files\SDK</Filter>
    </ClInclude>
    <ClInclude Include="FString.h">
      <Filter>Header Files\SDK</Filter>
    </ClInclude>
    <ClInclude Include="GNames.h">
      <Filter>Header Files\SDK</Filter>
    </ClInclude>
    <ClInclude Include="includes.h">
      <Filter>Header Files\SDK</Filter>
    </ClInclude>
    <ClInclude Include="info.h">
      <Filter>Header Files\SDK</Filter>
    </ClInclude>
    <ClInclude Include="reversals.h">
      <Filter>Header Files\SDK</Filter>
    </ClInclude>
    <ClInclude Include="TArray.h">
      <Filter>Header Files\SDK</Filter>
    </ClInclude>
    <ClInclude Include="UGameInstance.h">
      <Filter>Header Files\SDK</Filter>
    </ClInclude>
    <ClInclude Include="ULevel.h">
      <Filter>Header Files\SDK</Filter>
    </ClInclude>
    <ClInclude Include="ULocalPlayer.h">
      <Filter>Header Files\SDK</Filter>
    </ClInclude>
    <ClInclude Include="USceneComponent.h">
      <Filter>Header Files\SDK</Filter>
    </ClInclude>
    <ClInclude Include="UWorld.h">
      <Filter>Header Files\SDK</Filter>
    </ClInclude>
    <ClInclude Include="nullmemory.h">
      <Filter>Header Files\util</Filter>
    </ClInclude>
    <ClInclude Include="math.h">
      <Filter>Header Files\util</Filter>
    </ClInclude>
    <ClInclude Include="handledisposer.h">
      <Filter>Header Files\util</Filter>
    </ClInclude>
    <ClInclude Include="drivercom.h">
      <Filter>Header Files\util</Filter>
    </ClInclude>
    <ClInclude Include="AGameState.h">
      <Filter>Header Files\SDK</Filter>
    </ClInclude>
    <ClInclude Include="UWieldedItemComponent.h">
      <Filter>Header Files\SDK</Filter>
    </ClInclude>
    <ClInclude Include="ProjectileWeapon.h">
      <Filter>Header Files\SDK</Filter>
    </ClInclude>
    <ClInclude Include="AAthenaCharacter.h">
      <Filter>Header Files\SDK</Filter>
    </ClInclude>
  </ItemGroup>
  <ItemGroup>
    <ClCompile Include="main.cpp">
      <Filter>Source Files</Filter>
    </ClCompile>
    <ClCompile Include="Aimbot.cpp">
      <Filter>Source Files</Filter>
    </ClCompile>
    <ClCompile Include="client.cpp">
      <Filter>Source Files</Filter>
    </ClCompile>
    <ClCompile Include="AAthenaGameState.cpp">
      <Filter>Source Files\SDK</Filter>
    </ClCompile>
    <ClCompile Include="ACrewService.cpp">
      <Filter>Source Files\SDK</Filter>
    </ClCompile>
    <ClCompile Include="APawn.cpp">
      <Filter>Source Files\SDK</Filter>
    </ClCompile>
    <ClCompile Include="APlayerCameraManager.cpp">
      <Filter>Source Files\SDK</Filter>
    </ClCompile>
    <ClCompile Include="APlayerController.cpp">
      <Filter>Source Files\SDK</Filter>
    </ClCompile>
    <ClCompile Include="APlayerState.cpp">
      <Filter>Source Files\SDK</Filter>
    </ClCompile>
    <ClCompile Include="FCrew.cpp">
      <Filter>Source Files\SDK</Filter>
    </ClCompile>
    <ClCompile Include="FGuid.cpp">
      <Filter>Source Files\SDK</Filter>
    </ClCompile>
    <ClCompile Include="FString.cpp">
      <Filter>Source Files\SDK</Filter>
    </ClCompile>
    <ClCompile Include="GNames.cpp">
      <Filter>Source Files\SDK</Filter>
    </ClCompile>
    <ClCompile Include="UGameInstance.cpp">
      <Filter>Source Files\SDK</Filter>
    </ClCompile>
    <ClCompile Include="ULevel.cpp">
      <Filter>Source Files\SDK</Filter>
    </ClCompile>
    <ClCompile Include="ULocalPlayer.cpp">
      <Filter>Source Files\SDK</Filter>
    </ClCompile>
    <ClCompile Include="USceneComponent.cpp">
      <Filter>Source Files\SDK</Filter>
    </ClCompile>
    <ClCompile Include="UWorld.cpp">
      <Filter>Source Files\SDK</Filter>
    </ClCompile>
    <ClCompile Include="drivercom.cpp">
      <Filter>Source Files\util</Filter>
    </ClCompile>
    <ClCompile Include="math.cpp">
      <Filter>Source Files\util</Filter>
    </ClCompile>
    <ClCompile Include="AActor.cpp">
      <Filter>Source Files\SDK</Filter>
    </ClCompile>
    <ClCompile Include="AGameState.cpp">
      <Filter>Source Files\SDK</Filter>
    </ClCompile>
    <ClCompile Include="UWieldedItemComponent.cpp">
      <Filter>Source Files\SDK</Filter>
    </ClCompile>
    <ClCompile Include="ProjectileWeapon.cpp">
      <Filter>Source Files\SDK</Filter>
    </ClCompile>
    <ClCompile Include="AAthenaCharacter.cpp">
      <Filter>Source Files\SDK</Filter>
    </ClCompile>
  </ItemGroup>
</Project>